{
  "name": "Ex02_Cube_rotate_track_resize",
  "lockfileVersion": 2,
  "requires": true,
  "packages": {
    "": {
      "devDependencies": {
        "@types/dat.gui": "^0.7.7",
        "dat.gui": "^0.7.9"
      }
    },
    "node_modules/@types/dat.gui": {
      "version": "0.7.7",
      "resolved": "https://registry.npmjs.org/@types/dat.gui/-/dat.gui-0.7.7.tgz",
      "integrity": "sha512-CxLCme0He5Jk3uQwfO/fGZMyNhb/ypANzqX0yU9lviBQMlen5SOvQTBQ/Cd9x5mFlUAK5Tk8RgvTyLj1nYkz+w==",
      "dev": true
    },
    "node_modules/dat.gui": {
      "version": "0.7.9",
      "resolved": "https://registry.npmjs.org/dat.gui/-/dat.gui-0.7.9.tgz",
      "integrity": "sha512-sCNc1OHobc+Erc1HqiswYgHdVNpSJUlk/Hz8vzOCsER7rl+oF/4+v8GXFUyCgtXpoCX6+bnmg07DedLvBLwYKQ==",
      "dev": true
    }
  },
  "dependencies": {
    "@types/dat.gui": {
      "version": "0.7.7",
      "resolved": "https://registry.npmjs.org/@types/dat.gui/-/dat.gui-0.7.7.tgz",
      "integrity": "sha512-CxLCme0He5Jk3uQwfO/fGZMyNhb/ypANzqX0yU9lviBQMlen5SOvQTBQ/Cd9x5mFlUAK5Tk8RgvTyLj1nYkz+w==",
      "dev": true
    },
    "dat.gui": {
      "version": "0.7.9",
      "resolved": "https://registry.npmjs.org/dat.gui/-/dat.gui-0.7.9.tgz",
      "integrity": "sha512-sCNc1OHobc+Erc1HqiswYgHdVNpSJUlk/Hz8vzOCsER7rl+oF/4+v8GXFUyCgtXpoCX6+bnmg07DedLvBLwYKQ==",
      "dev": true
    }
  },
  "node_modules/three-nebula": {
    "version": "10.0.3",
    "resolved": "https://registry.npmjs.org/three-nebula/-/three-nebula-10.0.3.tgz",
    "integrity": "sha512-cX0UVkCGKx1r36z/yo26HAjsMGa3NcSvGZlODTLo6lfNikpK7oYXgq5r4yVrjaGjhpeKnFalNTI8LsHiZ8KlYw==",
    "dependencies": {
      "lodash": "^4.17.21",
      "potpack": "^1.0.1",
      "uuid": "^3.3.2"
    },
    "peerDependencies": {
      "three": ">=0.122.0 <1.0.0"
    }
  }
}
