{
  "name": "Project",
  "lockfileVersion": 2,
  "requires": true,
  "packages": {
    "": {
      "dependencies": {
        "three-nebula": "^10.0.3"
      },
      "devDependencies": {
        "@types/dat.gui": "^0.7.7"
      }
    },
    "node_modules/@types/dat.gui": {
      "version": "0.7.7",
      "resolved": "https://registry.npmjs.org/@types/dat.gui/-/dat.gui-0.7.7.tgz",
      "integrity": "sha512-CxLCme0He5Jk3uQwfO/fGZMyNhb/ypANzqX0yU9lviBQMlen5SOvQTBQ/Cd9x5mFlUAK5Tk8RgvTyLj1nYkz+w==",
      "dev": true
    },
    "node_modules/lodash": {
      "version": "4.17.21",
      "resolved": "https://registry.npmjs.org/lodash/-/lodash-4.17.21.tgz",
      "integrity": "sha512-v2kDEe57lecTulaDIuNTPy3Ry4gLGJ6Z1O3vE1krgXZNrsQ+LFTGHVxVjcXPs17LhbZVGedAJv8XZ1tvj5FvSg=="
    },
    "node_modules/potpack": {
      "version": "1.0.2",
      "resolved": "https://registry.npmjs.org/potpack/-/potpack-1.0.2.tgz",
      "integrity": "sha512-choctRBIV9EMT9WGAZHn3V7t0Z2pMQyl0EZE6pFc/6ml3ssw7Dlf/oAOvFwjm1HVsqfQN8GfeFyJ+d8tRzqueQ=="
    },
    "node_modules/three": {
      "version": "0.153.0",
      "resolved": "https://registry.npmjs.org/three/-/three-0.153.0.tgz",
      "integrity": "sha512-OCP2/uQR6GcDpSLnJt/3a4mdS0kNWcbfUXIwLoEMgLzEUIVIYsSDwskpmOii/AkDM+BBwrl6+CKgrjX9+E2aWg==",
      "peer": true
    },
    "node_modules/three-nebula": {
      "version": "10.0.3",
      "resolved": "https://registry.npmjs.org/three-nebula/-/three-nebula-10.0.3.tgz",
      "integrity": "sha512-cX0UVkCGKx1r36z/yo26HAjsMGa3NcSvGZlODTLo6lfNikpK7oYXgq5r4yVrjaGjhpeKnFalNTI8LsHiZ8KlYw==",
      "dependencies": {
        "lodash": "^4.17.21",
        "potpack": "^1.0.1",
        "uuid": "^3.3.2"
      },
      "peerDependencies": {
        "three": ">=0.122.0 <1.0.0"
      }
    },
    "node_modules/uuid": {
      "version": "3.4.0",
      "resolved": "https://registry.npmjs.org/uuid/-/uuid-3.4.0.tgz",
      "integrity": "sha512-HjSDRw6gZE5JMggctHBcjVak08+KEVhSIiDzFnT9S9aegmp85S/bReBVTb4QTFaRNptJ9kuYaNhnbNEOkbKb/A==",
      "deprecated": "Please upgrade  to version 7 or higher.  Older versions may use Math.random() in certain circumstances, which is known to be problematic.  See https://v8.dev/blog/math-random for details.",
      "bin": {
        "uuid": "bin/uuid"
      }
    }
  },
  "dependencies": {
    "@types/dat.gui": {
      "version": "0.7.7",
      "resolved": "https://registry.npmjs.org/@types/dat.gui/-/dat.gui-0.7.7.tgz",
      "integrity": "sha512-CxLCme0He5Jk3uQwfO/fGZMyNhb/ypANzqX0yU9lviBQMlen5SOvQTBQ/Cd9x5mFlUAK5Tk8RgvTyLj1nYkz+w==",
      "dev": true
    },
    "lodash": {
      "version": "4.17.21",
      "resolved": "https://registry.npmjs.org/lodash/-/lodash-4.17.21.tgz",
      "integrity": "sha512-v2kDEe57lecTulaDIuNTPy3Ry4gLGJ6Z1O3vE1krgXZNrsQ+LFTGHVxVjcXPs17LhbZVGedAJv8XZ1tvj5FvSg=="
    },
    "potpack": {
      "version": "1.0.2",
      "resolved": "https://registry.npmjs.org/potpack/-/potpack-1.0.2.tgz",
      "integrity": "sha512-choctRBIV9EMT9WGAZHn3V7t0Z2pMQyl0EZE6pFc/6ml3ssw7Dlf/oAOvFwjm1HVsqfQN8GfeFyJ+d8tRzqueQ=="
    },
    "three": {
      "version": "0.153.0",
      "resolved": "https://registry.npmjs.org/three/-/three-0.153.0.tgz",
      "integrity": "sha512-OCP2/uQR6GcDpSLnJt/3a4mdS0kNWcbfUXIwLoEMgLzEUIVIYsSDwskpmOii/AkDM+BBwrl6+CKgrjX9+E2aWg==",
      "peer": true
    },
    "three-nebula": {
      "version": "10.0.3",
      "resolved": "https://registry.npmjs.org/three-nebula/-/three-nebula-10.0.3.tgz",
      "integrity": "sha512-cX0UVkCGKx1r36z/yo26HAjsMGa3NcSvGZlODTLo6lfNikpK7oYXgq5r4yVrjaGjhpeKnFalNTI8LsHiZ8KlYw==",
      "requires": {
        "lodash": "^4.17.21",
        "potpack": "^1.0.1",
        "uuid": "^3.3.2"
      }
    },
    "uuid": {
      "version": "3.4.0",
      "resolved": "https://registry.npmjs.org/uuid/-/uuid-3.4.0.tgz",
      "integrity": "sha512-HjSDRw6gZE5JMggctHBcjVak08+KEVhSIiDzFnT9S9aegmp85S/bReBVTb4QTFaRNptJ9kuYaNhnbNEOkbKb/A=="
    }
  },
  "node_modules/three-nebula": {
    "version": "10.0.3",
    "resolved": "https://registry.npmjs.org/three-nebula/-/three-nebula-10.0.3.tgz",
    "integrity": "sha512-cX0UVkCGKx1r36z/yo26HAjsMGa3NcSvGZlODTLo6lfNikpK7oYXgq5r4yVrjaGjhpeKnFalNTI8LsHiZ8KlYw==",
    "dependencies": {
      "lodash": "^4.17.21",
      "potpack": "^1.0.1",
      "uuid": "^3.3.2"
    },
    "peerDependencies": {
      "three": ">=0.122.0 <1.0.0"
    }
  }
}
